
Microsoft Visual Studio Solution File, Format Version 12.00
# Visual Studio Version 17
VisualStudioVersion = 17.2.32516.85
MinimumVisualStudioVersion = 10.0.40219.1
Project("{FAE04EC0-301F-11D3-BF4B-00C04F79EFBC}") = "CoffeeShopProducts", "CoffeeShopProducts\CoffeeShopProducts.csproj", "{C91CD4F4-2A93-4845-BB16-33DEED8B5860}"
EndProject
Global
	GlobalSection(SolutionConfigurationPlatforms) = preSolution
		Debug|Any CPU = Debug|Any CPU
		Release|Any CPU = Release|Any CPU
	EndGlobalSection
	GlobalSection(ProjectConfigurationPlatforms) = postSolution
		{C91CD4F4-2A93-4845-BB16-33DEED8B5860}.Debug|Any CPU.ActiveCfg = Debug|Any CPU
		{C91CD4F4-2A93-4845-BB16-33DEED8B5860}.Debug|Any CPU.Build.0 = Debug|Any CPU
		{C91CD4F4-2A93-4845-BB16-33DEED8B5860}.Release|Any CPU.ActiveCfg = Release|Any CPU
		{C91CD4F4-2A93-4845-BB16-33DEED8B5860}.Release|Any CPU.Build.0 = Release|Any CPU
	EndGlobalSection
	GlobalSection(SolutionProperties) = preSolution
		HideSolutionNode = FALSE
	EndGlobalSection
	GlobalSection(ExtensibilityGlobals) = postSolution
		SolutionGuid = {9D8EB764-6F5F-478B-84B4-BA22F0C4050B}
	EndGlobalSection
EndGlobal
